
Microsoft Visual Studio Solution File, Format Version 12.00
# Visual Studio 15
VisualStudioVersion = 15.0.27703.2035
MinimumVisualStudioVersion = 10.0.40219.1
Project("{FAE04EC0-301F-11D3-BF4B-00C04F79EFBC}") = "PooVuelingXunit", "PooVuelingXunit\PooVuelingXunit.csproj", "{55D19ACB-8D83-4C0B-9AF4-85AABFEA0978}"
EndProject
Project("{FAE04EC0-301F-11D3-BF4B-00C04F79EFBC}") = "PooVuelingXunit.Integration.Test", "PooVuelingXunit.Integration.Test\PooVuelingXunit.Integration.Test.csproj", "{C043FC41-03A8-425C-AD08-DC12397C6073}"
EndProject
Project("{FAE04EC0-301F-11D3-BF4B-00C04F79EFBC}") = "PooVuelingXunit.Unit.Test", "PooVuelingXunit.Unit.Test\PooVuelingXunit.Unit.Test.csproj", "{24B226DC-C867-4AD8-932F-7803AE46A67B}"
EndProject
Global
	GlobalSection(SolutionConfigurationPlatforms) = preSolution
		Debug|Any CPU = Debug|Any CPU
		Release|Any CPU = Release|Any CPU
	EndGlobalSection
	GlobalSection(ProjectConfigurationPlatforms) = postSolution
		{55D19ACB-8D83-4C0B-9AF4-85AABFEA0978}.Debug|Any CPU.ActiveCfg = Debug|Any CPU
		{55D19ACB-8D83-4C0B-9AF4-85AABFEA0978}.Debug|Any CPU.Build.0 = Debug|Any CPU
		{55D19ACB-8D83-4C0B-9AF4-85AABFEA0978}.Release|Any CPU.ActiveCfg = Release|Any CPU
		{55D19ACB-8D83-4C0B-9AF4-85AABFEA0978}.Release|Any CPU.Build.0 = Release|Any CPU
		{C043FC41-03A8-425C-AD08-DC12397C6073}.Debug|Any CPU.ActiveCfg = Debug|Any CPU
		{C043FC41-03A8-425C-AD08-DC12397C6073}.Debug|Any CPU.Build.0 = Debug|Any CPU
		{C043FC41-03A8-425C-AD08-DC12397C6073}.Release|Any CPU.ActiveCfg = Release|Any CPU
		{C043FC41-03A8-425C-AD08-DC12397C6073}.Release|Any CPU.Build.0 = Release|Any CPU
		{24B226DC-C867-4AD8-932F-7803AE46A67B}.Debug|Any CPU.ActiveCfg = Debug|Any CPU
		{24B226DC-C867-4AD8-932F-7803AE46A67B}.Debug|Any CPU.Build.0 = Debug|Any CPU
		{24B226DC-C867-4AD8-932F-7803AE46A67B}.Release|Any CPU.ActiveCfg = Release|Any CPU
		{24B226DC-C867-4AD8-932F-7803AE46A67B}.Release|Any CPU.Build.0 = Release|Any CPU
	EndGlobalSection
	GlobalSection(SolutionProperties) = preSolution
		HideSolutionNode = FALSE
	EndGlobalSection
	GlobalSection(ExtensibilityGlobals) = postSolution
		SolutionGuid = {303F4E94-F3FE-4729-AE43-4CDC6A1B8C08}
	EndGlobalSection
EndGlobal
